// !$*UTF8*$!
{
	archiveVersion = 1;
	classes = {
	};
	objectVersion = 46;
	objects = {

/* Begin PBXBuildFile section */
		7E14EC591CBF844700AE1B8F /* AppDelegate.swift in Sources */ = {isa = PBXBuildFile; fileRef = 7E14EC581CBF844700AE1B8F /* AppDelegate.swift */; };
		7E14EC5B1CBF844700AE1B8F /* ViewController.swift in Sources */ = {isa = PBXBuildFile; fileRef = 7E14EC5A1CBF844700AE1B8F /* ViewController.swift */; };
		7E14EC5E1CBF844700AE1B8F /* Main.storyboard in Resources */ = {isa = PBXBuildFile; fileRef = 7E14EC5C1CBF844700AE1B8F /* Main.storyboard */; };
		7E14EC601CBF844700AE1B8F /* Assets.xcassets in Resources */ = {isa = PBXBuildFile; fileRef = 7E14EC5F1CBF844700AE1B8F /* Assets.xcassets */; };
		7E14EC631CBF844700AE1B8F /* LaunchScreen.storyboard in Resources */ = {isa = PBXBuildFile; fileRef = 7E14EC611CBF844700AE1B8F /* LaunchScreen.storyboard */; };
/* End PBXBuildFile section */

/* Begin PBXFileReference section */
		7E14EC551CBF844700AE1B8F /* YSJSharePopView_Swift.app */ = {isa = PBXFileReference; explicitFileType = wrapper.application; includeInIndex = 0; path = YSJSharePopView_Swift.app; sourceTree = BUILT_PRODUCTS_DIR; };
		7E14EC581CBF844700AE1B8F /* AppDelegate.swift */ = {isa = PBXFileReference; lastKnownFileType = sourcecode.swift; path = AppDelegate.swift; sourceTree = "<group>"; };
		7E14EC5A1CBF844700AE1B8F /* ViewController.swift */ = {isa = PBXFileReference; lastKnownFileType = sourcecode.swift; path = ViewController.swift; sourceTree = "<group>"; };
		7E14EC5D1CBF844700AE1B8F /* Base */ = {isa = PBXFileReference; lastKnownFileType = file.storyboard; name = Base; path = Base.lproj/Main.storyboard; sourceTree = "<group>"; };
		7E14EC5F1CBF844700AE1B8F /* Assets.xcassets */ = {isa = PBXFileReference; lastKnownFileType = folder.assetcatalog; path = Assets.xcassets; sourceTree = "<group>"; };
		7E14EC621CBF844700AE1B8F /* Base */ = {isa = PBXFileReference; lastKnownFileType = file.storyboard; name = Base; path = Base.lproj/LaunchScreen.storyboard; sourceTree = "<group>"; };
		7E14EC641CBF844700AE1B8F /* Info.plist */ = {isa = PBXFileReference; lastKnownFileType = text.plist.xml; path = Info.plist; sourceTree = "<group>"; };
/* End PBXFileReference section */

/* Begin PBXFrameworksBuildPhase section */
		7E14EC521CBF844700AE1B8F /* Frameworks */ = {
			isa = PBXFrameworksBuildPhase;
			buildActionMask = 2147483647;
			files = (
			);
			runOnlyForDeploymentPostprocessing = 0;
		};
/* End PBXFrameworksBuildPhase section */

/* Begin PBXGroup section */
		7E14EC4C1CBF844700AE1B8F = {
			isa = PBXGroup;
			children = (
				7E14EC571CBF844700AE1B8F /* YSJSharePopView_Swift */,
				7E14EC561CBF844700AE1B8F /* Products */,
			);
			sourceTree = "<group>";
		};
		7E14EC561CBF844700AE1B8F /* Products */ = {
			isa = PBXGroup;
			children = (
				7E14EC551CBF844700AE1B8F /* YSJSharePopView_Swift.app */,
			);
			name = Products;
			sourceTree = "<group>";
		};
		7E14EC571CBF844700AE1B8F /* YSJSharePopView_Swift */ = {
			isa = PBXGroup;
			children = (
				7E14EC581CBF844700AE1B8F /* AppDelegate.swift */,
				7E14EC5A1CBF844700AE1B8F /* ViewController.swift */,
				7E14EC5C1CBF844700AE1B8F /* Main.storyboard */,
				7E14EC5F1CBF844700AE1B8F /* Assets.xcassets */,
				7E14EC611CBF844700AE1B8F /* LaunchScreen.storyboard */,
				7E14EC641CBF844700AE1B8F /* Info.plist */,
			);
			path = YSJSharePopView_Swift;
			sourceTree = "<group>";
		};
/* End PBXGroup section */

/* Begin PBXNativeTarget section */
		7E14EC541CBF844700AE1B8F /* YSJSharePopView_Swift */ = {
			isa = PBXNativeTarget;
			buildConfigurationList = 7E14EC671CBF844700AE1B8F /* Build configuration list for PBXNativeTarget "YSJSharePopView_Swift" */;
			buildPhases = (
				7E14EC511CBF844700AE1B8F /* Sources */,
				7E14EC521CBF844700AE1B8F /* Frameworks */,
				7E14EC531CBF844700AE1B8F /* Resources */,
			);
			buildRules = (
			);
			dependencies = (
			);
			name = YSJSharePopView_Swift;
			productName = YSJSharePopView_Swift;
			productReference = 7E14EC551CBF844700AE1B8F /* YSJSharePopView_Swift.app */;
			productType = "com.apple.product-type.application";
		};
/* End PBXNativeTarget section */

/* Begin PBXProject section */
		7E14EC4D1CBF844700AE1B8F /* Project object */ = {
			isa = PBXProject;
			attributes = {
				LastSwiftUpdateCheck = 0730;
				LastUpgradeCheck = 0730;
				ORGANIZATIONNAME = "闫树军";
				TargetAttributes = {
					7E14EC541CBF844700AE1B8F = {
						CreatedOnToolsVersion = 7.3;
					};
				};
			};
			buildConfigurationList = 7E14EC501CBF844700AE1B8F /* Build configuration list for PBXProject "YSJSharePopView_Swift" */;
			compatibilityVersion = "Xcode 3.2";
			developmentRegion = English;
			hasScannedForEncodings = 0;
			knownRegions = (
				en,
				Base,
			);
			mainGroup = 7E14EC4C1CBF844700AE1B8F;
			productRefGroup = 7E14EC561CBF844700AE1B8F /* Products */;
			projectDirPath = "";
			projectRoot = "";
			targets = (
				7E14EC541CBF844700AE1B8F /* YSJSharePopView_Swift */,
			);
		};
/* End PBXProject section */

/* Begin PBXResourcesBuildPhase section */
		7E14EC531CBF844700AE1B8F /* Resources */ = {
			isa = PBXResourcesBuildPhase;
			buildActionMask = 2147483647;
			files = (
				7E14EC631CBF844700AE1B8F /* LaunchScreen.storyboard in Resources */,
				7E14EC601CBF844700AE1B8F /* Assets.xcassets in Resources */,
				7E14EC5E1CBF844700AE1B8F /* Main.storyboard in Resources */,
			);
			runOnlyForDeploymentPostprocessing = 0;
		};
/* End PBXResourcesBuildPhase section */

/* Begin PBXSourcesBuildPhase section */
		7E14EC511CBF844700AE1B8F /* Sources */ = {
			isa = PBXSourcesBuildPhase;
			buildActionMask = 2147483647;
			files = (
				7E14EC5B1CBF844700AE1B8F /* ViewController.swift in Sources */,
				7E14EC591CBF844700AE1B8F /* AppDelegate.swift in Sources */,
			);
			runOnlyForDeploymentPostprocessing = 0;
		};
/* End PBXSourcesBuildPhase section */

/* Begin PBXVariantGroup section */
		7E14EC5C1CBF844700AE1B8F /* Main.storyboard */ = {
			isa = PBXVariantGroup;
			children = (
				7E14EC5D1CBF844700AE1B8F /* Base */,
			);
			name = Main.storyboard;
			sourceTree = "<group>";
		};
		7E14EC611CBF844700AE1B8F /* LaunchScreen.storyboard */ = {
			isa = PBXVariantGroup;
			children = (
				7E14EC621CBF844700AE1B8F /* Base */,
			);
			name = LaunchScreen.storyboard;
			sourceTree = "<group>";
		};
/* End PBXVariantGroup section */

/* Begin XCBuildConfiguration section */
		7E14EC651CBF844700AE1B8F /* Debug */ = {
			isa = XCBuildConfiguration;
			buildSettings = {
				ALWAYS_SEARCH_USER_PATHS = NO;
				CLANG_ANALYZER_NONNULL = YES;
				CLANG_CXX_LANGUAGE_STANDARD = "gnu++0x";
				CLANG_CXX_LIBRARY = "libc++";
				CLANG_ENABLE_MODULES = YES;
				CLANG_ENABLE_OBJC_ARC = YES;
				CLANG_WARN_BOOL_CONVERSION = YES;
				CLANG_WARN_CONSTANT_CONVERSION = YES;
				CLANG_WARN_DIRECT_OBJC_ISA_USAGE = YES_ERROR;
				CLANG_WARN_EMPTY_BODY = YES;
				CLANG_WARN_ENUM_CONVERSION = YES;
				CLANG_WARN_INT_CONVERSION = YES;
				CLANG_WARN_OBJC_ROOT_CLASS = YES_ERROR;
				CLANG_WARN_UNREACHABLE_CODE = YES;
				CLANG_WARN__DUPLICATE_METHOD_MATCH = YES;
				"CODE_SIGN_IDENTITY[sdk=iphoneos*]" = "iPhone Developer";
				COPY_PHASE_STRIP = NO;
				DEBUG_INFORMATION_FORMAT = dwarf;
				ENABLE_STRICT_OBJC_MSGSEND = YES;
				ENABLE_TESTABILITY = YES;
				GCC_C_LANGUAGE_STANDARD = gnu99;
				GCC_DYNAMIC_NO_PIC = NO;
				GCC_NO_COMMON_BLOCKS = YES;
				GCC_OPTIMIZATION_LEVEL = 0;
				GCC_PREPROCESSOR_DEFINITIONS = (
					"DEBUG=1",
					"$(inherited)",
				);
				GCC_WARN_64_TO_32_BIT_CONVERSION = YES;
				GCC_WARN_ABOUT_RETURN_TYPE = YES_ERROR;
				GCC_WARN_UNDECLARED_SELECTOR = YES;
				GCC_WARN_UNINITIALIZED_AUTOS = YES_AGGRESSIVE;
				GCC_WARN_UNUSED_FUNCTION = YES;
				GCC_WARN_UNUSED_VARIABLE = YES;
				IPHONEOS_DEPLOYMENT_TARGET = 9.3;
				MTL_ENABLE_DEBUG_INFO = YES;
				ONLY_ACTIVE_ARCH = YES;
				SDKROOT = iphoneos;
				SWIFT_OPTIMIZATION_LEVEL = "-Onone";
			};
			name = Debug;
		};
		7E14EC661CBF844700AE1B8F /* Release */ = {
			isa = XCBuildConfiguration;
			buildSettings = {
				ALWAYS_SEARCH_USER_PATHS = NO;
				CLANG_ANALYZER_NONNULL = YES;
				CLANG_CXX_LANGUAGE_STANDARD = "gnu++0x";
				CLANG_CXX_LIBRARY = "libc++";
				CLANG_ENABLE_MODULES = YES;
				CLANG_ENABLE_OBJC_ARC = YES;
				CLANG_WARN_BOOL_CONVERSION = YES;
				CLANG_WARN_CONSTANT_CONVERSION = YES;
				CLANG_WARN_DIRECT_OBJC_ISA_USAGE = YES_ERROR;
				CLANG_WARN_EMPTY_BODY = YES;
				CLANG_WARN_ENUM_CONVERSION = YES;
				CLANG_WARN_INT_CONVERSION = YES;
				CLANG_WARN_OBJC_ROOT_CLASS = YES_ERROR;
				CLANG_WARN_UNREACHABLE_CODE = YES;
				CLANG_WARN__DUPLICATE_METHOD_MATCH = YES;
				"CODE_SIGN_IDENTITY[sdk=iphoneos*]" = "iPhone Developer";
				COPY_PHASE_STRIP = NO;
				DEBUG_INFORMATION_FORMAT = "dwarf-with-dsym";
				ENABLE_NS_ASSERTIONS = NO;
				ENABLE_STRICT_OBJC_MSGSEND = YES;
				GCC_C_LANGUAGE_STANDARD = gnu99;
				GCC_NO_COMMON_BLOCKS = YES;
				GCC_WARN_64_TO_32_BIT_CONVERSION = YES;
				GCC_WARN_ABOUT_RETURN_TYPE = YES_ERROR;
				GCC_WARN_UNDECLARED_SELECTOR = YES;
				GCC_WARN_UNINITIALIZED_AUTOS = YES_AGGRESSIVE;
				GCC_WARN_UNUSED_FUNCTION = YES;
				GCC_WARN_UNUSED_VARIABLE = YES;
				IPHONEOS_DEPLOYMENT_TARGET = 9.3;
				MTL_ENABLE_DEBUG_INFO = NO;
				SDKROOT = iphoneos;
				VALIDATE_PRODUCT = YES;
			};
			name = Release;
		};
		7E14EC681CBF844700AE1B8F /* Debug */ = {
			isa = XCBuildConfiguration;
			buildSettings = {
				ASSETCATALOG_COMPILER_APPICON_NAME = AppIcon;
				INFOPLIST_FILE = YSJSharePopView_Swift/Info.plist;
				LD_RUNPATH_SEARCH_PATHS = "$(inherited) @executable_path/Frameworks";
				PRODUCT_BUNDLE_IDENTIFIER = "Ustudy.YSJSharePopView-Swift";
				PRODUCT_NAME = "$(TARGET_NAME)";
			};
			name = Debug;
		};
		7E14EC691CBF844700AE1B8F /* Release */ = {
			isa = XCBuildConfiguration;
			buildSettings = {
				ASSETCATALOG_COMPILER_APPICON_NAME = AppIcon;
				INFOPLIST_FILE = YSJSharePopView_Swift/Info.plist;
				LD_RUNPATH_SEARCH_PATHS = "$(inherited) @executable_path/Frameworks";
				PRODUCT_BUNDLE_IDENTIFIER = "Ustudy.YSJSharePopView-Swift";
				PRODUCT_NAME = "$(TARGET_NAME)";
			};
			name = Release;
		};
/* End XCBuildConfiguration section */

/* Begin XCConfigurationList section */
		7E14EC501CBF844700AE1B8F /* Build configuration list for PBXProject "YSJSharePopView_Swift" */ = {
			isa = XCConfigurationList;
			buildConfigurations = (
				7E14EC651CBF844700AE1B8F /* Debug */,
				7E14EC661CBF844700AE1B8F /* Release */,
			);
			defaultConfigurationIsVisible = 0;
			defaultConfigurationName = Release;
		};
		7E14EC671CBF844700AE1B8F /* Build configuration list for PBXNativeTarget "YSJSharePopView_Swift" */ = {
			isa = XCConfigurationList;
			buildConfigurations = (
				7E14EC681CBF844700AE1B8F /* Debug */,
				7E14EC691CBF844700AE1B8F /* Release */,
			);
			defaultConfigurationIsVisible = 0;
		};
/* End XCConfigurationList section */
	};
	rootObject = 7E14EC4D1CBF844700AE1B8F /* Project object */;
}
